
Microsoft Visual Studio Solution File, Format Version 12.00
# Visual Studio 15
VisualStudioVersion = 15.0.28307.136
MinimumVisualStudioVersion = 10.0.40219.1
Project("{FAE04EC0-301F-11D3-BF4B-00C04F79EFBC}") = "ContainerWebCoreTest", "ContainerWebCoreTest\ContainerWebCoreTest.csproj", "{789A0A8D-2D5C-4B63-8A75-932392F9CB61}"
EndProject
Global
	GlobalSection(SolutionConfigurationPlatforms) = preSolution
		Debug|Any CPU = Debug|Any CPU
		Release|Any CPU = Release|Any CPU
	EndGlobalSection
	GlobalSection(ProjectConfigurationPlatforms) = postSolution
		{789A0A8D-2D5C-4B63-8A75-932392F9CB61}.Debug|Any CPU.ActiveCfg = Debug|Any CPU
		{789A0A8D-2D5C-4B63-8A75-932392F9CB61}.Debug|Any CPU.Build.0 = Debug|Any CPU
		{789A0A8D-2D5C-4B63-8A75-932392F9CB61}.Release|Any CPU.ActiveCfg = Release|Any CPU
		{789A0A8D-2D5C-4B63-8A75-932392F9CB61}.Release|Any CPU.Build.0 = Release|Any CPU
	EndGlobalSection
	GlobalSection(SolutionProperties) = preSolution
		HideSolutionNode = FALSE
	EndGlobalSection
	GlobalSection(ExtensibilityGlobals) = postSolution
		SolutionGuid = {0ED49535-166F-42F4-AC38-EC8E1FE0D56E}
	EndGlobalSection
EndGlobal
